
Microsoft Visual Studio Solution File, Format Version 12.00
# Visual Studio 15
VisualStudioVersion = 15.0.27617.1
MinimumVisualStudioVersion = 10.0.40219.1
Project("{FAE04EC0-301F-11D3-BF4B-00C04F79EFBC}") = "PrestadorServico", "PrestadorServico\PrestadorServico.csproj", "{71AC3796-6A50-49F9-90C0-6C982709FC21}"
EndProject
Global
	GlobalSection(SolutionConfigurationPlatforms) = preSolution
		Debug|Any CPU = Debug|Any CPU
		Release|Any CPU = Release|Any CPU
	EndGlobalSection
	GlobalSection(ProjectConfigurationPlatforms) = postSolution
		{71AC3796-6A50-49F9-90C0-6C982709FC21}.Debug|Any CPU.ActiveCfg = Debug|Any CPU
		{71AC3796-6A50-49F9-90C0-6C982709FC21}.Debug|Any CPU.Build.0 = Debug|Any CPU
		{71AC3796-6A50-49F9-90C0-6C982709FC21}.Release|Any CPU.ActiveCfg = Release|Any CPU
		{71AC3796-6A50-49F9-90C0-6C982709FC21}.Release|Any CPU.Build.0 = Release|Any CPU
	EndGlobalSection
	GlobalSection(SolutionProperties) = preSolution
		HideSolutionNode = FALSE
	EndGlobalSection
	GlobalSection(ExtensibilityGlobals) = postSolution
		SolutionGuid = {F86E6A80-70EF-4B51-BC0F-FADF2A14CCBD}
	EndGlobalSection
EndGlobal
